{
    "hash": "2d104d6ce76152f4f104ba5a752a057b",
    "packages": [
        {
            "package": "doctrine/common",
            "version": "2.2.3"
        },
        {
            "package": "doctrine/dbal",
            "version": "2.2.x-dev",
            "source-reference": "da4b7b4d965db0c1c1d23333e87ee5ae8994e249",
            "commit-date": "1344978731"
        },
        {
            "package": "guzzle/guzzle",
            "version": "v2.8.6"
        },
        {
            "package": "illuminate/socialite",
            "version": "dev-master",
            "source-reference": "v1.0.1",
            "commit-date": "1344541211"
        },
        {
            "package": "monolog/monolog",
            "version": "dev-master",
            "source-reference": "e5bf7ba5d1df622b68d004b3c0277bc94286e1b7",
            "commit-date": "1347105894"
        },
        {
            "package": "pimple/pimple",
            "version": "dev-master",
            "alias-pretty-version": "1.0.x-dev",
            "alias-version": "1.0.9999999.9999999-dev"
        },
        {
            "package": "pimple/pimple",
            "version": "dev-master",
            "source-reference": "b9f27b8dc18c08f00627dec02359b46a24791dc3",
            "commit-date": "1347278988"
        },
        {
            "package": "silex/silex",
            "version": "dev-master",
            "alias-pretty-version": "1.0.x-dev",
            "alias-version": "1.0.9999999.9999999-dev"
        },
        {
            "package": "silex/silex",
            "version": "dev-master",
            "source-reference": "a9e34f08ab00c4cc6c97e7ae8fdf7d0fc367e5f5",
            "commit-date": "1347298149"
        },
        {
            "package": "swiftmailer/swiftmailer",
            "version": "v4.1.8"
        },
        {
            "package": "symfony/event-dispatcher",
            "version": "2.1.x-dev",
            "source-reference": "6e9726a4e82fe95fcb243e7c4021f7fb2de19b70",
            "commit-date": "1347274422"
        },
        {
            "package": "symfony/http-foundation",
            "version": "2.1.x-dev",
            "source-reference": "v2.1.0",
            "commit-date": "1346761482"
        },
        {
            "package": "symfony/http-kernel",
            "version": "2.1.x-dev",
            "source-reference": "cb91ebb2c104f3c24b20ef34b785f8ab75f1ea2d",
            "commit-date": "1347274422"
        },
        {
            "package": "symfony/routing",
            "version": "2.1.x-dev",
            "source-reference": "5069cbd8bf02ed33cfd640b227bb43e816d55f14",
            "commit-date": "1347274422"
        },
        {
            "package": "twig/twig",
            "version": "dev-master",
            "alias-pretty-version": "1.9.x-dev",
            "alias-version": "1.9.9999999.9999999-dev"
        },
        {
            "package": "twig/twig",
            "version": "dev-master",
            "source-reference": "68b8c4619c5bbe82bd345fe56070dec8c356610a",
            "commit-date": "1347025342"
        }
    ],
    "packages-dev": null,
    "aliases": [

    ],
    "minimum-stability": "dev",
    "stability-flags": [

    ]
}
